
Microsoft Visual Studio Solution File, Format Version 12.00
# Visual Studio Version 17
VisualStudioVersion = 17.5.33627.172
MinimumVisualStudioVersion = 10.0.40219.1
Project("{FAE04EC0-301F-11D3-BF4B-00C04F79EFBC}") = "PaintAndShow.WebApi", "PaintAndShow.WebApi\PaintAndShow.WebApi.csproj", "{B7A49120-475D-429C-AA4D-6E9C644A08EE}"
EndProject
Project("{FAE04EC0-301F-11D3-BF4B-00C04F79EFBC}") = "PaintAndShow.Data", "PaintAndShow.Data\PaintAndShow.Data.csproj", "{2ACA9FDE-3498-4D0A-A147-8F9349A27A1D}"
EndProject
Global
	GlobalSection(SolutionConfigurationPlatforms) = preSolution
		Debug|Any CPU = Debug|Any CPU
		Release|Any CPU = Release|Any CPU
	EndGlobalSection
	GlobalSection(ProjectConfigurationPlatforms) = postSolution
		{B7A49120-475D-429C-AA4D-6E9C644A08EE}.Debug|Any CPU.ActiveCfg = Debug|Any CPU
		{B7A49120-475D-429C-AA4D-6E9C644A08EE}.Debug|Any CPU.Build.0 = Debug|Any CPU
		{B7A49120-475D-429C-AA4D-6E9C644A08EE}.Release|Any CPU.ActiveCfg = Release|Any CPU
		{B7A49120-475D-429C-AA4D-6E9C644A08EE}.Release|Any CPU.Build.0 = Release|Any CPU
		{2ACA9FDE-3498-4D0A-A147-8F9349A27A1D}.Debug|Any CPU.ActiveCfg = Debug|Any CPU
		{2ACA9FDE-3498-4D0A-A147-8F9349A27A1D}.Debug|Any CPU.Build.0 = Debug|Any CPU
		{2ACA9FDE-3498-4D0A-A147-8F9349A27A1D}.Release|Any CPU.ActiveCfg = Release|Any CPU
		{2ACA9FDE-3498-4D0A-A147-8F9349A27A1D}.Release|Any CPU.Build.0 = Release|Any CPU
	EndGlobalSection
	GlobalSection(SolutionProperties) = preSolution
		HideSolutionNode = FALSE
	EndGlobalSection
	GlobalSection(ExtensibilityGlobals) = postSolution
		SolutionGuid = {53F79C53-3FC2-4762-AEE8-A59CAA27ADB4}
	EndGlobalSection
EndGlobal
